{
  "nodes": {
    "nixpkgs": {
      "locked": {
        "lastModified": 1774244481,
        "narHash": "sha256-4XfMXU0DjN83o6HWZoKG9PegCvKvIhNUnRUI19vzTcQ=",
        "owner": "NixOS",
        "repo": "nixpkgs",
        "rev": "4590696c8693fea477850fe379a01544293ca4e2",
        "type": "github"
      },
      "original": {
        "owner": "NixOS",
        "ref": "nixos-25.11",
        "repo": "nixpkgs",
        "type": "github"
      }
    },
    "nixpkgs_2": {
      "locked": {
        "lastModified": 1771177547,
        "narHash": "sha256-trTtk3WTOHz7hSw89xIIvahkgoFJYQ0G43IlqprFoMA=",
        "owner": "NixOS",
        "repo": "nixpkgs",
        "rev": "ac055f38c798b0d87695240c7b761b82fc7e5bc2",
        "type": "github"
      },
      "original": {
        "owner": "NixOS",
        "ref": "nixpkgs-unstable",
        "repo": "nixpkgs",
        "type": "github"
      }
    },
    "nixpkgs_3": {
      "locked": {
        "lastModified": 1771177547,
        "narHash": "sha256-trTtk3WTOHz7hSw89xIIvahkgoFJYQ0G43IlqprFoMA=",
        "owner": "NixOS",
        "repo": "nixpkgs",
        "rev": "ac055f38c798b0d87695240c7b761b82fc7e5bc2",
        "type": "github"
      },
      "original": {
        "owner": "NixOS",
        "ref": "nixpkgs-unstable",
        "repo": "nixpkgs",
        "type": "github"
      }
    },
    "rekan": {
      "inputs": {
        "nixpkgs": "nixpkgs_2"
      },
      "locked": {
        "lastModified": 1773619697,
        "narHash": "sha256-ydH5Qb7wx4QbkxM/dccmIu1BPmMRvkxxb/yhhpfc11U=",
        "owner": "denisraison",
        "repo": "rekan",
        "rev": "5ad2a30278c92ff55fd9fdbf8db83d7890327afb",
        "type": "github"
      },
      "original": {
        "owner": "denisraison",
        "repo": "rekan",
        "type": "github"
      }
    },
    "rekan-staging": {
      "inputs": {
        "nixpkgs": "nixpkgs_3"
      },
      "locked": {
        "lastModified": 1773619697,
        "narHash": "sha256-ydH5Qb7wx4QbkxM/dccmIu1BPmMRvkxxb/yhhpfc11U=",
        "owner": "denisraison",
        "repo": "rekan",
        "rev": "5ad2a30278c92ff55fd9fdbf8db83d7890327afb",
        "type": "github"
      },
      "original": {
        "owner": "denisraison",
        "repo": "rekan",
        "type": "github"
      }
    },
    "root": {
      "inputs": {
        "nixpkgs": "nixpkgs",
        "rekan": "rekan",
        "rekan-staging": "rekan-staging"
      }
    }
  },
  "root": "root",
  "version": 7
}
