{
  "nodes": {
    "nixpkgs": {
      "locked": {
        "lastModified": 1751274312,
        "narHash": "sha256-/bVBlRpECLVzjV19t5KMdMFWSwKLtb5RyXdjz3LJT+g=",
        "owner": "NixOS",
        "repo": "nixpkgs",
        "rev": "50ab793786d9de88ee30ec4e4c24fb4236fc2674",
        "type": "github"
      },
      "original": {
        "owner": "NixOS",
        "ref": "nixos-24.11",
        "repo": "nixpkgs",
        "type": "github"
      }
    },
    "nixpkgs_2": {
      "locked": {
        "lastModified": 1771177547,
        "narHash": "sha256-trTtk3WTOHz7hSw89xIIvahkgoFJYQ0G43IlqprFoMA=",
        "owner": "NixOS",
        "repo": "nixpkgs",
        "rev": "ac055f38c798b0d87695240c7b761b82fc7e5bc2",
        "type": "github"
      },
      "original": {
        "owner": "NixOS",
        "ref": "nixpkgs-unstable",
        "repo": "nixpkgs",
        "type": "github"
      }
    },
    "nixpkgs_3": {
      "locked": {
        "lastModified": 1771177547,
        "narHash": "sha256-trTtk3WTOHz7hSw89xIIvahkgoFJYQ0G43IlqprFoMA=",
        "owner": "NixOS",
        "repo": "nixpkgs",
        "rev": "ac055f38c798b0d87695240c7b761b82fc7e5bc2",
        "type": "github"
      },
      "original": {
        "owner": "NixOS",
        "ref": "nixpkgs-unstable",
        "repo": "nixpkgs",
        "type": "github"
      }
    },
    "rekan": {
      "inputs": {
        "nixpkgs": "nixpkgs_2"
      },
      "locked": {
        "lastModified": 1773099937,
        "narHash": "sha256-yjRvqTfn4vye9Kt7Y376fQ0zRtx2UXcoGX/j/oQaq9o=",
        "owner": "denisraison",
        "repo": "rekan",
        "rev": "3209d5bc938cde6cfad73fe67b4bc5923b058fae",
        "type": "github"
      },
      "original": {
        "owner": "denisraison",
        "repo": "rekan",
        "type": "github"
      }
    },
    "rekan-staging": {
      "inputs": {
        "nixpkgs": "nixpkgs_3"
      },
      "locked": {
        "lastModified": 1772083286,
        "narHash": "sha256-BuFACzofp4bOy1h9Coy77fzf5et6AjGlgbYZ4006Z7A=",
        "owner": "denisraison",
        "repo": "rekan",
        "rev": "8a90d4fdaa7ec4abcd6475e2b0bccef8258d148e",
        "type": "github"
      },
      "original": {
        "owner": "denisraison",
        "repo": "rekan",
        "type": "github"
      }
    },
    "root": {
      "inputs": {
        "nixpkgs": "nixpkgs",
        "rekan": "rekan",
        "rekan-staging": "rekan-staging"
      }
    }
  },
  "root": "root",
  "version": 7
}
